
Microsoft Visual Studio Solution File, Format Version 12.00
# Visual Studio Version 17
VisualStudioVersion = 17.3.32922.545
MinimumVisualStudioVersion = 10.0.40219.1
Project("{FAE04EC0-301F-11D3-BF4B-00C04F79EFBC}") = "Flappy Bird", "Flappy Bird\Flappy Bird.csproj", "{0C79EEAB-2D09-4E3F-A1BE-9A608D965BA3}"
EndProject
Global
	GlobalSection(SolutionConfigurationPlatforms) = preSolution
		Debug|Any CPU = Debug|Any CPU
		Release|Any CPU = Release|Any CPU
	EndGlobalSection
	GlobalSection(ProjectConfigurationPlatforms) = postSolution
		{0C79EEAB-2D09-4E3F-A1BE-9A608D965BA3}.Debug|Any CPU.ActiveCfg = Debug|Any CPU
		{0C79EEAB-2D09-4E3F-A1BE-9A608D965BA3}.Debug|Any CPU.Build.0 = Debug|Any CPU
		{0C79EEAB-2D09-4E3F-A1BE-9A608D965BA3}.Release|Any CPU.ActiveCfg = Release|Any CPU
		{0C79EEAB-2D09-4E3F-A1BE-9A608D965BA3}.Release|Any CPU.Build.0 = Release|Any CPU
	EndGlobalSection
	GlobalSection(SolutionProperties) = preSolution
		HideSolutionNode = FALSE
	EndGlobalSection
	GlobalSection(ExtensibilityGlobals) = postSolution
		SolutionGuid = {69185C98-1489-4137-8840-CA4D71E55E22}
	EndGlobalSection
EndGlobal
